
Microsoft Visual Studio Solution File, Format Version 12.00
# Visual Studio Version 16
VisualStudioVersion = 16.0.30611.23
MinimumVisualStudioVersion = 10.0.40219.1
Project("{FAE04EC0-301F-11D3-BF4B-00C04F79EFBC}") = "CalculoMediaCsv", "CalculoMediaCsv.csproj", "{E1628750-36F1-47A6-AE08-31259DE38164}"
EndProject
Global
	GlobalSection(SolutionConfigurationPlatforms) = preSolution
		Debug|Any CPU = Debug|Any CPU
		Release|Any CPU = Release|Any CPU
	EndGlobalSection
	GlobalSection(ProjectConfigurationPlatforms) = postSolution
		{E1628750-36F1-47A6-AE08-31259DE38164}.Debug|Any CPU.ActiveCfg = Debug|Any CPU
		{E1628750-36F1-47A6-AE08-31259DE38164}.Debug|Any CPU.Build.0 = Debug|Any CPU
		{E1628750-36F1-47A6-AE08-31259DE38164}.Release|Any CPU.ActiveCfg = Release|Any CPU
		{E1628750-36F1-47A6-AE08-31259DE38164}.Release|Any CPU.Build.0 = Release|Any CPU
	EndGlobalSection
	GlobalSection(SolutionProperties) = preSolution
		HideSolutionNode = FALSE
	EndGlobalSection
	GlobalSection(ExtensibilityGlobals) = postSolution
		SolutionGuid = {7B055781-918D-4BBC-8E83-8C0627C7D99D}
	EndGlobalSection
EndGlobal
